// !$*UTF8*$!
{
	archiveVersion = 1;
	classes = {
	};
	objectVersion = 56;
	objects = {

/* Begin PBXBuildFile section */
		BC0B9C812BDA8E8900CEDC75 /* SDWebImage in Frameworks */ = {isa = PBXBuildFile; productRef = BC0B9C802BDA8E8900CEDC75 /* SDWebImage */; };
		BCA25EB42BCD0376004A61D9 /* AppDelegate.swift in Sources */ = {isa = PBXBuildFile; fileRef = BCA25EB32BCD0376004A61D9 /* AppDelegate.swift */; };
		BCA25EB62BCD0376004A61D9 /* SceneDelegate.swift in Sources */ = {isa = PBXBuildFile; fileRef = BCA25EB52BCD0376004A61D9 /* SceneDelegate.swift */; };
		BCA25EB82BCD0376004A61D9 /* ViewController.swift in Sources */ = {isa = PBXBuildFile; fileRef = BCA25EB72BCD0376004A61D9 /* ViewController.swift */; };
		BCA25EBB2BCD0376004A61D9 /* Base in Resources */ = {isa = PBXBuildFile; fileRef = BCA25EBA2BCD0376004A61D9 /* Base */; };
		BCA25EBD2BCD0377004A61D9 /* Assets.xcassets in Resources */ = {isa = PBXBuildFile; fileRef = BCA25EBC2BCD0377004A61D9 /* Assets.xcassets */; };
		BCA25EC02BCD0377004A61D9 /* Base in Resources */ = {isa = PBXBuildFile; fileRef = BCA25EBF2BCD0377004A61D9 /* Base */; };
		BCA25EC82BCD03DD004A61D9 /* MainTabBarController.swift in Sources */ = {isa = PBXBuildFile; fileRef = BCA25EC72BCD03DD004A61D9 /* MainTabBarController.swift */; };
		BCA25ECB2BCE5C31004A61D9 /* PodcastsSearchController.swift in Sources */ = {isa = PBXBuildFile; fileRef = BCA25ECA2BCE5C31004A61D9 /* PodcastsSearchController.swift */; };
		BCA25ECE2BCE5D65004A61D9 /* Podcast.swift in Sources */ = {isa = PBXBuildFile; fileRef = BCA25ECD2BCE5D65004A61D9 /* Podcast.swift */; };
		BCA5817C2BE1229800CDE19D /* EpisodesController.swift in Sources */ = {isa = PBXBuildFile; fileRef = BCA5817B2BE1229800CDE19D /* EpisodesController.swift */; };
		BCA5817E2BE1278700CDE19D /* Episode.swift in Sources */ = {isa = PBXBuildFile; fileRef = BCA5817D2BE1278700CDE19D /* Episode.swift */; };
		BCA581812BE128EB00CDE19D /* FeedKit in Frameworks */ = {isa = PBXBuildFile; productRef = BCA581802BE128EB00CDE19D /* FeedKit */; };
		BCA581842BE1342F00CDE19D /* EpisodeCell.swift in Sources */ = {isa = PBXBuildFile; fileRef = BCA581822BE1342F00CDE19D /* EpisodeCell.swift */; };
		BCA581852BE1342F00CDE19D /* EpisodeCell.xib in Resources */ = {isa = PBXBuildFile; fileRef = BCA581832BE1342F00CDE19D /* EpisodeCell.xib */; };
		BCBA8F122BE3D47A002336FF /* PlayerDetailsView.xib in Resources */ = {isa = PBXBuildFile; fileRef = BCBA8F112BE3D47A002336FF /* PlayerDetailsView.xib */; };
		BCBA8F142BE3D94B002336FF /* PlayerDetailsView.swift in Sources */ = {isa = PBXBuildFile; fileRef = BCBA8F132BE3D94B002336FF /* PlayerDetailsView.swift */; };
		BCBBFC772BCE9F660097AC26 /* Alamofire in Frameworks */ = {isa = PBXBuildFile; productRef = BCBBFC762BCE9F660097AC26 /* Alamofire */; };
		BCBBFC792BCE9F660097AC26 /* AlamofireDynamic in Frameworks */ = {isa = PBXBuildFile; productRef = BCBBFC782BCE9F660097AC26 /* AlamofireDynamic */; };
		BCBBFC7C2BCFF8640097AC26 /* APIService.swift in Sources */ = {isa = PBXBuildFile; fileRef = BCBBFC7B2BCFF8640097AC26 /* APIService.swift */; };
		BCBBFC7F2BD002700097AC26 /* PodcastCell.xib in Resources */ = {isa = PBXBuildFile; fileRef = BCBBFC7E2BD002700097AC26 /* PodcastCell.xib */; };
		BCBBFC812BD005410097AC26 /* PodcastCell.swift in Sources */ = {isa = PBXBuildFile; fileRef = BCBBFC802BD005410097AC26 /* PodcastCell.swift */; };
		BCBF0EBE2BE382A40010D0B9 /* String.swift in Sources */ = {isa = PBXBuildFile; fileRef = BCBF0EBD2BE382A40010D0B9 /* String.swift */; };
		BCBF0EC02BE383500010D0B9 /* RSSFeed.swift in Sources */ = {isa = PBXBuildFile; fileRef = BCBF0EBF2BE383500010D0B9 /* RSSFeed.swift */; };
/* End PBXBuildFile section */

/* Begin PBXFileReference section */
		BCA25EB02BCD0376004A61D9 /* Podcast.app */ = {isa = PBXFileReference; explicitFileType = wrapper.application; includeInIndex = 0; path = Podcast.app; sourceTree = BUILT_PRODUCTS_DIR; };
		BCA25EB32BCD0376004A61D9 /* AppDelegate.swift */ = {isa = PBXFileReference; lastKnownFileType = sourcecode.swift; path = AppDelegate.swift; sourceTree = "<group>"; };
		BCA25EB52BCD0376004A61D9 /* SceneDelegate.swift */ = {isa = PBXFileReference; lastKnownFileType = sourcecode.swift; path = SceneDelegate.swift; sourceTree = "<group>"; };
		BCA25EB72BCD0376004A61D9 /* ViewController.swift */ = {isa = PBXFileReference; lastKnownFileType = sourcecode.swift; path = ViewController.swift; sourceTree = "<group>"; };
		BCA25EBA2BCD0376004A61D9 /* Base */ = {isa = PBXFileReference; lastKnownFileType = file.storyboard; name = Base; path = Base.lproj/Main.storyboard; sourceTree = "<group>"; };
		BCA25EBC2BCD0377004A61D9 /* Assets.xcassets */ = {isa = PBXFileReference; lastKnownFileType = folder.assetcatalog; path = Assets.xcassets; sourceTree = "<group>"; };
		BCA25EBF2BCD0377004A61D9 /* Base */ = {isa = PBXFileReference; lastKnownFileType = file.storyboard; name = Base; path = Base.lproj/LaunchScreen.storyboard; sourceTree = "<group>"; };
		BCA25EC12BCD0377004A61D9 /* Info.plist */ = {isa = PBXFileReference; lastKnownFileType = text.plist.xml; path = Info.plist; sourceTree = "<group>"; };
		BCA25EC72BCD03DD004A61D9 /* MainTabBarController.swift */ = {isa = PBXFileReference; lastKnownFileType = sourcecode.swift; path = MainTabBarController.swift; sourceTree = "<group>"; };
		BCA25ECA2BCE5C31004A61D9 /* PodcastsSearchController.swift */ = {isa = PBXFileReference; lastKnownFileType = sourcecode.swift; path = PodcastsSearchController.swift; sourceTree = "<group>"; };
		BCA25ECD2BCE5D65004A61D9 /* Podcast.swift */ = {isa = PBXFileReference; lastKnownFileType = sourcecode.swift; path = Podcast.swift; sourceTree = "<group>"; };
		BCA5817B2BE1229800CDE19D /* EpisodesController.swift */ = {isa = PBXFileReference; lastKnownFileType = sourcecode.swift; path = EpisodesController.swift; sourceTree = "<group>"; };
		BCA5817D2BE1278700CDE19D /* Episode.swift */ = {isa = PBXFileReference; lastKnownFileType = sourcecode.swift; path = Episode.swift; sourceTree = "<group>"; };
		BCA581822BE1342F00CDE19D /* EpisodeCell.swift */ = {isa = PBXFileReference; lastKnownFileType = sourcecode.swift; path = EpisodeCell.swift; sourceTree = "<group>"; };
		BCA581832BE1342F00CDE19D /* EpisodeCell.xib */ = {isa = PBXFileReference; lastKnownFileType = file.xib; path = EpisodeCell.xib; sourceTree = "<group>"; };
		BCBA8F112BE3D47A002336FF /* PlayerDetailsView.xib */ = {isa = PBXFileReference; lastKnownFileType = file.xib; path = PlayerDetailsView.xib; sourceTree = "<group>"; };
		BCBA8F132BE3D94B002336FF /* PlayerDetailsView.swift */ = {isa = PBXFileReference; lastKnownFileType = sourcecode.swift; path = PlayerDetailsView.swift; sourceTree = "<group>"; };
		BCBBFC7B2BCFF8640097AC26 /* APIService.swift */ = {isa = PBXFileReference; lastKnownFileType = sourcecode.swift; path = APIService.swift; sourceTree = "<group>"; };
		BCBBFC7E2BD002700097AC26 /* PodcastCell.xib */ = {isa = PBXFileReference; lastKnownFileType = file.xib; path = PodcastCell.xib; sourceTree = "<group>"; };
		BCBBFC802BD005410097AC26 /* PodcastCell.swift */ = {isa = PBXFileReference; lastKnownFileType = sourcecode.swift; path = PodcastCell.swift; sourceTree = "<group>"; };
		BCBF0EBD2BE382A40010D0B9 /* String.swift */ = {isa = PBXFileReference; lastKnownFileType = sourcecode.swift; path = String.swift; sourceTree = "<group>"; };
		BCBF0EBF2BE383500010D0B9 /* RSSFeed.swift */ = {isa = PBXFileReference; lastKnownFileType = sourcecode.swift; path = RSSFeed.swift; sourceTree = "<group>"; };
/* End PBXFileReference section */

/* Begin PBXFrameworksBuildPhase section */
		BCA25EAD2BCD0375004A61D9 /* Frameworks */ = {
			isa = PBXFrameworksBuildPhase;
			buildActionMask = 2147483647;
			files = (
				BC0B9C812BDA8E8900CEDC75 /* SDWebImage in Frameworks */,
				BCBBFC772BCE9F660097AC26 /* Alamofire in Frameworks */,
				BCBBFC792BCE9F660097AC26 /* AlamofireDynamic in Frameworks */,
				BCA581812BE128EB00CDE19D /* FeedKit in Frameworks */,
			);
			runOnlyForDeploymentPostprocessing = 0;
		};
/* End PBXFrameworksBuildPhase section */

/* Begin PBXGroup section */
		BCA25EA72BCD0375004A61D9 = {
			isa = PBXGroup;
			children = (
				BCA25EB22BCD0376004A61D9 /* Podcast */,
				BCA25EB12BCD0376004A61D9 /* Products */,
			);
			sourceTree = "<group>";
		};
		BCA25EB12BCD0376004A61D9 /* Products */ = {
			isa = PBXGroup;
			children = (
				BCA25EB02BCD0376004A61D9 /* Podcast.app */,
			);
			name = Products;
			sourceTree = "<group>";
		};
		BCA25EB22BCD0376004A61D9 /* Podcast */ = {
			isa = PBXGroup;
			children = (
				BCBF0EBC2BE382940010D0B9 /* Extensions */,
				BCBBFC7A2BCFF85A0097AC26 /* API */,
				BCA25ECC2BCE5D5B004A61D9 /* Models */,
				BCBBFC7D2BD002520097AC26 /* Views */,
				BCA25EC92BCE5C1D004A61D9 /* Controllers */,
				BCA25EB32BCD0376004A61D9 /* AppDelegate.swift */,
				BCA25EB52BCD0376004A61D9 /* SceneDelegate.swift */,
				BCA25EB72BCD0376004A61D9 /* ViewController.swift */,
				BCA25EC72BCD03DD004A61D9 /* MainTabBarController.swift */,
				BCA25EB92BCD0376004A61D9 /* Main.storyboard */,
				BCA25EBC2BCD0377004A61D9 /* Assets.xcassets */,
				BCA25EBE2BCD0377004A61D9 /* LaunchScreen.storyboard */,
				BCA25EC12BCD0377004A61D9 /* Info.plist */,
			);
			path = Podcast;
			sourceTree = "<group>";
		};
		BCA25EC92BCE5C1D004A61D9 /* Controllers */ = {
			isa = PBXGroup;
			children = (
				BCA25ECA2BCE5C31004A61D9 /* PodcastsSearchController.swift */,
				BCA5817B2BE1229800CDE19D /* EpisodesController.swift */,
			);
			path = Controllers;
			sourceTree = "<group>";
		};
		BCA25ECC2BCE5D5B004A61D9 /* Models */ = {
			isa = PBXGroup;
			children = (
				BCA25ECD2BCE5D65004A61D9 /* Podcast.swift */,
				BCA5817D2BE1278700CDE19D /* Episode.swift */,
			);
			path = Models;
			sourceTree = "<group>";
		};
		BCBBFC7A2BCFF85A0097AC26 /* API */ = {
			isa = PBXGroup;
			children = (
				BCBBFC7B2BCFF8640097AC26 /* APIService.swift */,
			);
			path = API;
			sourceTree = "<group>";
		};
		BCBBFC7D2BD002520097AC26 /* Views */ = {
			isa = PBXGroup;
			children = (
				BCBBFC7E2BD002700097AC26 /* PodcastCell.xib */,
				BCBBFC802BD005410097AC26 /* PodcastCell.swift */,
				BCA581822BE1342F00CDE19D /* EpisodeCell.swift */,
				BCA581832BE1342F00CDE19D /* EpisodeCell.xib */,
				BCBA8F112BE3D47A002336FF /* PlayerDetailsView.xib */,
				BCBA8F132BE3D94B002336FF /* PlayerDetailsView.swift */,
			);
			path = Views;
			sourceTree = "<group>";
		};
		BCBF0EBC2BE382940010D0B9 /* Extensions */ = {
			isa = PBXGroup;
			children = (
				BCBF0EBD2BE382A40010D0B9 /* String.swift */,
				BCBF0EBF2BE383500010D0B9 /* RSSFeed.swift */,
			);
			path = Extensions;
			sourceTree = "<group>";
		};
/* End PBXGroup section */

/* Begin PBXNativeTarget section */
		BCA25EAF2BCD0375004A61D9 /* Podcast */ = {
			isa = PBXNativeTarget;
			buildConfigurationList = BCA25EC42BCD0377004A61D9 /* Build configuration list for PBXNativeTarget "Podcast" */;
			buildPhases = (
				BCA25EAC2BCD0375004A61D9 /* Sources */,
				BCA25EAD2BCD0375004A61D9 /* Frameworks */,
				BCA25EAE2BCD0375004A61D9 /* Resources */,
			);
			buildRules = (
			);
			dependencies = (
			);
			name = Podcast;
			packageProductDependencies = (
				BCBBFC762BCE9F660097AC26 /* Alamofire */,
				BCBBFC782BCE9F660097AC26 /* AlamofireDynamic */,
				BC0B9C802BDA8E8900CEDC75 /* SDWebImage */,
				BCA581802BE128EB00CDE19D /* FeedKit */,
			);
			productName = Podcast;
			productReference = BCA25EB02BCD0376004A61D9 /* Podcast.app */;
			productType = "com.apple.product-type.application";
		};
/* End PBXNativeTarget section */

/* Begin PBXProject section */
		BCA25EA82BCD0375004A61D9 /* Project object */ = {
			isa = PBXProject;
			attributes = {
				BuildIndependentTargetsInParallel = 1;
				LastSwiftUpdateCheck = 1530;
				LastUpgradeCheck = 1530;
				TargetAttributes = {
					BCA25EAF2BCD0375004A61D9 = {
						CreatedOnToolsVersion = 15.3;
					};
				};
			};
			buildConfigurationList = BCA25EAB2BCD0375004A61D9 /* Build configuration list for PBXProject "Podcast" */;
			compatibilityVersion = "Xcode 14.0";
			developmentRegion = en;
			hasScannedForEncodings = 0;
			knownRegions = (
				en,
				Base,
			);
			mainGroup = BCA25EA72BCD0375004A61D9;
			packageReferences = (
				BCBBFC752BCE9F660097AC26 /* XCRemoteSwiftPackageReference "Alamofire" */,
				BC0B9C7F2BDA8E8900CEDC75 /* XCRemoteSwiftPackageReference "SDWebImage" */,
				BCA5817F2BE128EB00CDE19D /* XCRemoteSwiftPackageReference "FeedKit" */,
			);
			productRefGroup = BCA25EB12BCD0376004A61D9 /* Products */;
			projectDirPath = "";
			projectRoot = "";
			targets = (
				BCA25EAF2BCD0375004A61D9 /* Podcast */,
			);
		};
/* End PBXProject section */

/* Begin PBXResourcesBuildPhase section */
		BCA25EAE2BCD0375004A61D9 /* Resources */ = {
			isa = PBXResourcesBuildPhase;
			buildActionMask = 2147483647;
			files = (
				BCBA8F122BE3D47A002336FF /* PlayerDetailsView.xib in Resources */,
				BCA25EBD2BCD0377004A61D9 /* Assets.xcassets in Resources */,
				BCA25EC02BCD0377004A61D9 /* Base in Resources */,
				BCA581852BE1342F00CDE19D /* EpisodeCell.xib in Resources */,
				BCBBFC7F2BD002700097AC26 /* PodcastCell.xib in Resources */,
				BCA25EBB2BCD0376004A61D9 /* Base in Resources */,
			);
			runOnlyForDeploymentPostprocessing = 0;
		};
/* End PBXResourcesBuildPhase section */

/* Begin PBXSourcesBuildPhase section */
		BCA25EAC2BCD0375004A61D9 /* Sources */ = {
			isa = PBXSourcesBuildPhase;
			buildActionMask = 2147483647;
			files = (
				BCBF0EC02BE383500010D0B9 /* RSSFeed.swift in Sources */,
				BCA25EB82BCD0376004A61D9 /* ViewController.swift in Sources */,
				BCBBFC7C2BCFF8640097AC26 /* APIService.swift in Sources */,
				BCBBFC812BD005410097AC26 /* PodcastCell.swift in Sources */,
				BCA581842BE1342F00CDE19D /* EpisodeCell.swift in Sources */,
				BCA5817E2BE1278700CDE19D /* Episode.swift in Sources */,
				BCBA8F142BE3D94B002336FF /* PlayerDetailsView.swift in Sources */,
				BCA25EB42BCD0376004A61D9 /* AppDelegate.swift in Sources */,
				BCBF0EBE2BE382A40010D0B9 /* String.swift in Sources */,
				BCA25ECE2BCE5D65004A61D9 /* Podcast.swift in Sources */,
				BCA25EC82BCD03DD004A61D9 /* MainTabBarController.swift in Sources */,
				BCA25ECB2BCE5C31004A61D9 /* PodcastsSearchController.swift in Sources */,
				BCA25EB62BCD0376004A61D9 /* SceneDelegate.swift in Sources */,
				BCA5817C2BE1229800CDE19D /* EpisodesController.swift in Sources */,
			);
			runOnlyForDeploymentPostprocessing = 0;
		};
/* End PBXSourcesBuildPhase section */

/* Begin PBXVariantGroup section */
		BCA25EB92BCD0376004A61D9 /* Main.storyboard */ = {
			isa = PBXVariantGroup;
			children = (
				BCA25EBA2BCD0376004A61D9 /* Base */,
			);
			name = Main.storyboard;
			sourceTree = "<group>";
		};
		BCA25EBE2BCD0377004A61D9 /* LaunchScreen.storyboard */ = {
			isa = PBXVariantGroup;
			children = (
				BCA25EBF2BCD0377004A61D9 /* Base */,
			);
			name = LaunchScreen.storyboard;
			sourceTree = "<group>";
		};
/* End PBXVariantGroup section */

/* Begin XCBuildConfiguration section */
		BCA25EC22BCD0377004A61D9 /* Debug */ = {
			isa = XCBuildConfiguration;
			buildSettings = {
				ALWAYS_SEARCH_USER_PATHS = NO;
				ASSETCATALOG_COMPILER_GENERATE_SWIFT_ASSET_SYMBOL_EXTENSIONS = YES;
				CLANG_ANALYZER_NONNULL = YES;
				CLANG_ANALYZER_NUMBER_OBJECT_CONVERSION = YES_AGGRESSIVE;
				CLANG_CXX_LANGUAGE_STANDARD = "gnu++20";
				CLANG_ENABLE_MODULES = YES;
				CLANG_ENABLE_OBJC_ARC = YES;
				CLANG_ENABLE_OBJC_WEAK = YES;
				CLANG_WARN_BLOCK_CAPTURE_AUTORELEASING = YES;
				CLANG_WARN_BOOL_CONVERSION = YES;
				CLANG_WARN_COMMA = YES;
				CLANG_WARN_CONSTANT_CONVERSION = YES;
				CLANG_WARN_DEPRECATED_OBJC_IMPLEMENTATIONS = YES;
				CLANG_WARN_DIRECT_OBJC_ISA_USAGE = YES_ERROR;
				CLANG_WARN_DOCUMENTATION_COMMENTS = YES;
				CLANG_WARN_EMPTY_BODY = YES;
				CLANG_WARN_ENUM_CONVERSION = YES;
				CLANG_WARN_INFINITE_RECURSION = YES;
				CLANG_WARN_INT_CONVERSION = YES;
				CLANG_WARN_NON_LITERAL_NULL_CONVERSION = YES;
				CLANG_WARN_OBJC_IMPLICIT_RETAIN_SELF = YES;
				CLANG_WARN_OBJC_LITERAL_CONVERSION = YES;
				CLANG_WARN_OBJC_ROOT_CLASS = YES_ERROR;
				CLANG_WARN_QUOTED_INCLUDE_IN_FRAMEWORK_HEADER = YES;
				CLANG_WARN_RANGE_LOOP_ANALYSIS = YES;
				CLANG_WARN_STRICT_PROTOTYPES = YES;
				CLANG_WARN_SUSPICIOUS_MOVE = YES;
				CLANG_WARN_UNGUARDED_AVAILABILITY = YES_AGGRESSIVE;
				CLANG_WARN_UNREACHABLE_CODE = YES;
				CLANG_WARN__DUPLICATE_METHOD_MATCH = YES;
				COPY_PHASE_STRIP = NO;
				DEBUG_INFORMATION_FORMAT = dwarf;
				ENABLE_STRICT_OBJC_MSGSEND = YES;
				ENABLE_TESTABILITY = YES;
				ENABLE_USER_SCRIPT_SANDBOXING = YES;
				GCC_C_LANGUAGE_STANDARD = gnu17;
				GCC_DYNAMIC_NO_PIC = NO;
				GCC_NO_COMMON_BLOCKS = YES;
				GCC_OPTIMIZATION_LEVEL = 0;
				GCC_PREPROCESSOR_DEFINITIONS = (
					"DEBUG=1",
					"$(inherited)",
				);
				GCC_WARN_64_TO_32_BIT_CONVERSION = YES;
				GCC_WARN_ABOUT_RETURN_TYPE = YES_ERROR;
				GCC_WARN_UNDECLARED_SELECTOR = YES;
				GCC_WARN_UNINITIALIZED_AUTOS = YES_AGGRESSIVE;
				GCC_WARN_UNUSED_FUNCTION = YES;
				GCC_WARN_UNUSED_VARIABLE = YES;
				IPHONEOS_DEPLOYMENT_TARGET = 17.0;
				LOCALIZATION_PREFERS_STRING_CATALOGS = YES;
				MTL_ENABLE_DEBUG_INFO = INCLUDE_SOURCE;
				MTL_FAST_MATH = YES;
				ONLY_ACTIVE_ARCH = YES;
				SDKROOT = iphoneos;
				SWIFT_ACTIVE_COMPILATION_CONDITIONS = "DEBUG $(inherited)";
				SWIFT_OPTIMIZATION_LEVEL = "-Onone";
			};
			name = Debug;
		};
		BCA25EC32BCD0377004A61D9 /* Release */ = {
			isa = XCBuildConfiguration;
			buildSettings = {
				ALWAYS_SEARCH_USER_PATHS = NO;
				ASSETCATALOG_COMPILER_GENERATE_SWIFT_ASSET_SYMBOL_EXTENSIONS = YES;
				CLANG_ANALYZER_NONNULL = YES;
				CLANG_ANALYZER_NUMBER_OBJECT_CONVERSION = YES_AGGRESSIVE;
				CLANG_CXX_LANGUAGE_STANDARD = "gnu++20";
				CLANG_ENABLE_MODULES = YES;
				CLANG_ENABLE_OBJC_ARC = YES;
				CLANG_ENABLE_OBJC_WEAK = YES;
				CLANG_WARN_BLOCK_CAPTURE_AUTORELEASING = YES;
				CLANG_WARN_BOOL_CONVERSION = YES;
				CLANG_WARN_COMMA = YES;
				CLANG_WARN_CONSTANT_CONVERSION = YES;
				CLANG_WARN_DEPRECATED_OBJC_IMPLEMENTATIONS = YES;
				CLANG_WARN_DIRECT_OBJC_ISA_USAGE = YES_ERROR;
				CLANG_WARN_DOCUMENTATION_COMMENTS = YES;
				CLANG_WARN_EMPTY_BODY = YES;
				CLANG_WARN_ENUM_CONVERSION = YES;
				CLANG_WARN_INFINITE_RECURSION = YES;
				CLANG_WARN_INT_CONVERSION = YES;
				CLANG_WARN_NON_LITERAL_NULL_CONVERSION = YES;
				CLANG_WARN_OBJC_IMPLICIT_RETAIN_SELF = YES;
				CLANG_WARN_OBJC_LITERAL_CONVERSION = YES;
				CLANG_WARN_OBJC_ROOT_CLASS = YES_ERROR;
				CLANG_WARN_QUOTED_INCLUDE_IN_FRAMEWORK_HEADER = YES;
				CLANG_WARN_RANGE_LOOP_ANALYSIS = YES;
				CLANG_WARN_STRICT_PROTOTYPES = YES;
				CLANG_WARN_SUSPICIOUS_MOVE = YES;
				CLANG_WARN_UNGUARDED_AVAILABILITY = YES_AGGRESSIVE;
				CLANG_WARN_UNREACHABLE_CODE = YES;
				CLANG_WARN__DUPLICATE_METHOD_MATCH = YES;
				COPY_PHASE_STRIP = NO;
				DEBUG_INFORMATION_FORMAT = "dwarf-with-dsym";
				ENABLE_NS_ASSERTIONS = NO;
				ENABLE_STRICT_OBJC_MSGSEND = YES;
				ENABLE_USER_SCRIPT_SANDBOXING = YES;
				GCC_C_LANGUAGE_STANDARD = gnu17;
				GCC_NO_COMMON_BLOCKS = YES;
				GCC_WARN_64_TO_32_BIT_CONVERSION = YES;
				GCC_WARN_ABOUT_RETURN_TYPE = YES_ERROR;
				GCC_WARN_UNDECLARED_SELECTOR = YES;
				GCC_WARN_UNINITIALIZED_AUTOS = YES_AGGRESSIVE;
				GCC_WARN_UNUSED_FUNCTION = YES;
				GCC_WARN_UNUSED_VARIABLE = YES;
				IPHONEOS_DEPLOYMENT_TARGET = 17.0;
				LOCALIZATION_PREFERS_STRING_CATALOGS = YES;
				MTL_ENABLE_DEBUG_INFO = NO;
				MTL_FAST_MATH = YES;
				SDKROOT = iphoneos;
				SWIFT_COMPILATION_MODE = wholemodule;
				VALIDATE_PRODUCT = YES;
			};
			name = Release;
		};
		BCA25EC52BCD0377004A61D9 /* Debug */ = {
			isa = XCBuildConfiguration;
			buildSettings = {
				ASSETCATALOG_COMPILER_APPICON_NAME = AppIcon;
				ASSETCATALOG_COMPILER_GLOBAL_ACCENT_COLOR_NAME = AccentColor;
				CODE_SIGN_STYLE = Automatic;
				CURRENT_PROJECT_VERSION = 1;
				DEVELOPMENT_TEAM = A89P8LLWX2;
				GENERATE_INFOPLIST_FILE = YES;
				INFOPLIST_FILE = Podcast/Info.plist;
				INFOPLIST_KEY_UIApplicationSupportsIndirectInputEvents = YES;
				INFOPLIST_KEY_UILaunchStoryboardName = LaunchScreen;
				INFOPLIST_KEY_UIMainStoryboardFile = Main;
				INFOPLIST_KEY_UISupportedInterfaceOrientations_iPad = "UIInterfaceOrientationPortrait UIInterfaceOrientationPortraitUpsideDown UIInterfaceOrientationLandscapeLeft UIInterfaceOrientationLandscapeRight";
				INFOPLIST_KEY_UISupportedInterfaceOrientations_iPhone = "UIInterfaceOrientationPortrait UIInterfaceOrientationLandscapeLeft UIInterfaceOrientationLandscapeRight";
				IPHONEOS_DEPLOYMENT_TARGET = 17.0;
				LD_RUNPATH_SEARCH_PATHS = (
					"$(inherited)",
					"@executable_path/Frameworks",
				);
				MARKETING_VERSION = 1.0;
				PRODUCT_BUNDLE_IDENTIFIER = com.austinxu.Podcast;
				PRODUCT_NAME = "$(TARGET_NAME)";
				SWIFT_EMIT_LOC_STRINGS = YES;
				SWIFT_VERSION = 5.0;
				TARGETED_DEVICE_FAMILY = "1,2";
			};
			name = Debug;
		};
		BCA25EC62BCD0377004A61D9 /* Release */ = {
			isa = XCBuildConfiguration;
			buildSettings = {
				ASSETCATALOG_COMPILER_APPICON_NAME = AppIcon;
				ASSETCATALOG_COMPILER_GLOBAL_ACCENT_COLOR_NAME = AccentColor;
				CODE_SIGN_STYLE = Automatic;
				CURRENT_PROJECT_VERSION = 1;
				DEVELOPMENT_TEAM = A89P8LLWX2;
				GENERATE_INFOPLIST_FILE = YES;
				INFOPLIST_FILE = Podcast/Info.plist;
				INFOPLIST_KEY_UIApplicationSupportsIndirectInputEvents = YES;
				INFOPLIST_KEY_UILaunchStoryboardName = LaunchScreen;
				INFOPLIST_KEY_UIMainStoryboardFile = Main;
				INFOPLIST_KEY_UISupportedInterfaceOrientations_iPad = "UIInterfaceOrientationPortrait UIInterfaceOrientationPortraitUpsideDown UIInterfaceOrientationLandscapeLeft UIInterfaceOrientationLandscapeRight";
				INFOPLIST_KEY_UISupportedInterfaceOrientations_iPhone = "UIInterfaceOrientationPortrait UIInterfaceOrientationLandscapeLeft UIInterfaceOrientationLandscapeRight";
				IPHONEOS_DEPLOYMENT_TARGET = 17.0;
				LD_RUNPATH_SEARCH_PATHS = (
					"$(inherited)",
					"@executable_path/Frameworks",
				);
				MARKETING_VERSION = 1.0;
				PRODUCT_BUNDLE_IDENTIFIER = com.austinxu.Podcast;
				PRODUCT_NAME = "$(TARGET_NAME)";
				SWIFT_EMIT_LOC_STRINGS = YES;
				SWIFT_VERSION = 5.0;
				TARGETED_DEVICE_FAMILY = "1,2";
			};
			name = Release;
		};
/* End XCBuildConfiguration section */

/* Begin XCConfigurationList section */
		BCA25EAB2BCD0375004A61D9 /* Build configuration list for PBXProject "Podcast" */ = {
			isa = XCConfigurationList;
			buildConfigurations = (
				BCA25EC22BCD0377004A61D9 /* Debug */,
				BCA25EC32BCD0377004A61D9 /* Release */,
			);
			defaultConfigurationIsVisible = 0;
			defaultConfigurationName = Release;
		};
		BCA25EC42BCD0377004A61D9 /* Build configuration list for PBXNativeTarget "Podcast" */ = {
			isa = XCConfigurationList;
			buildConfigurations = (
				BCA25EC52BCD0377004A61D9 /* Debug */,
				BCA25EC62BCD0377004A61D9 /* Release */,
			);
			defaultConfigurationIsVisible = 0;
			defaultConfigurationName = Release;
		};
/* End XCConfigurationList section */

/* Begin XCRemoteSwiftPackageReference section */
		BC0B9C7F2BDA8E8900CEDC75 /* XCRemoteSwiftPackageReference "SDWebImage" */ = {
			isa = XCRemoteSwiftPackageReference;
			repositoryURL = "https://github.com/SDWebImage/SDWebImage";
			requirement = {
				kind = upToNextMajorVersion;
				minimumVersion = 5.19.1;
			};
		};
		BCA5817F2BE128EB00CDE19D /* XCRemoteSwiftPackageReference "FeedKit" */ = {
			isa = XCRemoteSwiftPackageReference;
			repositoryURL = "https://github.com/nmdias/FeedKit.git";
			requirement = {
				kind = upToNextMajorVersion;
				minimumVersion = 9.1.2;
			};
		};
		BCBBFC752BCE9F660097AC26 /* XCRemoteSwiftPackageReference "Alamofire" */ = {
			isa = XCRemoteSwiftPackageReference;
			repositoryURL = "https://github.com/Alamofire/Alamofire.git";
			requirement = {
				kind = upToNextMajorVersion;
				minimumVersion = 5.9.1;
			};
		};
/* End XCRemoteSwiftPackageReference section */

/* Begin XCSwiftPackageProductDependency section */
		BC0B9C802BDA8E8900CEDC75 /* SDWebImage */ = {
			isa = XCSwiftPackageProductDependency;
			package = BC0B9C7F2BDA8E8900CEDC75 /* XCRemoteSwiftPackageReference "SDWebImage" */;
			productName = SDWebImage;
		};
		BCA581802BE128EB00CDE19D /* FeedKit */ = {
			isa = XCSwiftPackageProductDependency;
			package = BCA5817F2BE128EB00CDE19D /* XCRemoteSwiftPackageReference "FeedKit" */;
			productName = FeedKit;
		};
		BCBBFC762BCE9F660097AC26 /* Alamofire */ = {
			isa = XCSwiftPackageProductDependency;
			package = BCBBFC752BCE9F660097AC26 /* XCRemoteSwiftPackageReference "Alamofire" */;
			productName = Alamofire;
		};
		BCBBFC782BCE9F660097AC26 /* AlamofireDynamic */ = {
			isa = XCSwiftPackageProductDependency;
			package = BCBBFC752BCE9F660097AC26 /* XCRemoteSwiftPackageReference "Alamofire" */;
			productName = AlamofireDynamic;
		};
/* End XCSwiftPackageProductDependency section */
	};
	rootObject = BCA25EA82BCD0375004A61D9 /* Project object */;
}
